
Microsoft Visual Studio Solution File, Format Version 12.00
# Visual Studio Version 17
VisualStudioVersion = 17.12.35707.178
MinimumVisualStudioVersion = 10.0.40219.1
Project("{FAE04EC0-301F-11D3-BF4B-00C04F79EFBC}") = "Ders1", "Ders1\Ders1.csproj", "{9E5E943E-C449-4CAA-84DB-8BDE9C5B2BB8}"
EndProject
Project("{FAE04EC0-301F-11D3-BF4B-00C04F79EFBC}") = "Ders2", "Ders2\Ders2.csproj", "{BD44B1AB-002C-40BA-8017-DDA9404EF83A}"
EndProject
Project("{FAE04EC0-301F-11D3-BF4B-00C04F79EFBC}") = "Ders2Odev", "Ders2Odev\Ders2Odev.csproj", "{C4F56450-C21E-4568-853E-257E92125BEB}"
EndProject
Global
	GlobalSection(SolutionConfigurationPlatforms) = preSolution
		Debug|Any CPU = Debug|Any CPU
		Release|Any CPU = Release|Any CPU
	EndGlobalSection
	GlobalSection(ProjectConfigurationPlatforms) = postSolution
		{9E5E943E-C449-4CAA-84DB-8BDE9C5B2BB8}.Debug|Any CPU.ActiveCfg = Debug|Any CPU
		{9E5E943E-C449-4CAA-84DB-8BDE9C5B2BB8}.Debug|Any CPU.Build.0 = Debug|Any CPU
		{9E5E943E-C449-4CAA-84DB-8BDE9C5B2BB8}.Release|Any CPU.ActiveCfg = Release|Any CPU
		{9E5E943E-C449-4CAA-84DB-8BDE9C5B2BB8}.Release|Any CPU.Build.0 = Release|Any CPU
		{BD44B1AB-002C-40BA-8017-DDA9404EF83A}.Debug|Any CPU.ActiveCfg = Debug|Any CPU
		{BD44B1AB-002C-40BA-8017-DDA9404EF83A}.Debug|Any CPU.Build.0 = Debug|Any CPU
		{BD44B1AB-002C-40BA-8017-DDA9404EF83A}.Release|Any CPU.ActiveCfg = Release|Any CPU
		{BD44B1AB-002C-40BA-8017-DDA9404EF83A}.Release|Any CPU.Build.0 = Release|Any CPU
		{C4F56450-C21E-4568-853E-257E92125BEB}.Debug|Any CPU.ActiveCfg = Debug|Any CPU
		{C4F56450-C21E-4568-853E-257E92125BEB}.Debug|Any CPU.Build.0 = Debug|Any CPU
		{C4F56450-C21E-4568-853E-257E92125BEB}.Release|Any CPU.ActiveCfg = Release|Any CPU
		{C4F56450-C21E-4568-853E-257E92125BEB}.Release|Any CPU.Build.0 = Release|Any CPU
	EndGlobalSection
	GlobalSection(SolutionProperties) = preSolution
		HideSolutionNode = FALSE
	EndGlobalSection
EndGlobal
